
Microsoft Visual Studio Solution File, Format Version 12.00
# Visual Studio 15
VisualStudioVersion = 15.0.28010.2041
MinimumVisualStudioVersion = 10.0.40219.1
Project("{FAE04EC0-301F-11D3-BF4B-00C04F79EFBC}") = "Evo", "Evo\Evo.csproj", "{9E237E93-9CBD-4D6F-90A2-0035B713AA1F}"
EndProject
Global
	GlobalSection(SolutionConfigurationPlatforms) = preSolution
		Debug|Any CPU = Debug|Any CPU
		Release|Any CPU = Release|Any CPU
	EndGlobalSection
	GlobalSection(ProjectConfigurationPlatforms) = postSolution
		{9E237E93-9CBD-4D6F-90A2-0035B713AA1F}.Debug|Any CPU.ActiveCfg = Debug|Any CPU
		{9E237E93-9CBD-4D6F-90A2-0035B713AA1F}.Debug|Any CPU.Build.0 = Debug|Any CPU
		{9E237E93-9CBD-4D6F-90A2-0035B713AA1F}.Release|Any CPU.ActiveCfg = Release|Any CPU
		{9E237E93-9CBD-4D6F-90A2-0035B713AA1F}.Release|Any CPU.Build.0 = Release|Any CPU
	EndGlobalSection
	GlobalSection(SolutionProperties) = preSolution
		HideSolutionNode = FALSE
	EndGlobalSection
	GlobalSection(ExtensibilityGlobals) = postSolution
		SolutionGuid = {2E7BCD99-CD2F-457A-AF0D-5223B2BA604D}
	EndGlobalSection
EndGlobal
